
Microsoft Visual Studio Solution File, Format Version 12.00
# Visual Studio Version 16
VisualStudioVersion = 16.0.30413.136
MinimumVisualStudioVersion = 10.0.40219.1
Project("{FAE04EC0-301F-11D3-BF4B-00C04F79EFBC}") = "Componentes", "Componentes.csproj", "{A3A223AE-FA33-48FD-AE57-77763A9851CA}"
EndProject
Global
	GlobalSection(SolutionConfigurationPlatforms) = preSolution
		Debug|Any CPU = Debug|Any CPU
		Release|Any CPU = Release|Any CPU
	EndGlobalSection
	GlobalSection(ProjectConfigurationPlatforms) = postSolution
		{A3A223AE-FA33-48FD-AE57-77763A9851CA}.Debug|Any CPU.ActiveCfg = Debug|Any CPU
		{A3A223AE-FA33-48FD-AE57-77763A9851CA}.Debug|Any CPU.Build.0 = Debug|Any CPU
		{A3A223AE-FA33-48FD-AE57-77763A9851CA}.Release|Any CPU.ActiveCfg = Release|Any CPU
		{A3A223AE-FA33-48FD-AE57-77763A9851CA}.Release|Any CPU.Build.0 = Release|Any CPU
	EndGlobalSection
	GlobalSection(SolutionProperties) = preSolution
		HideSolutionNode = FALSE
	EndGlobalSection
	GlobalSection(ExtensibilityGlobals) = postSolution
		SolutionGuid = {145F8D7A-681A-4CA6-98D5-CD038BA9D7E7}
	EndGlobalSection
EndGlobal
